{
  "meteor": {},
  "dependencies": {
    "basePackages": {
      "jasmine-unit": {},
      "velocity-html-reporter": {},
      "bootstrap-3": {},
      "bootstrap-flatly": {},
      "iron-router": {},
      "spin": {}
    },
    "packages": {
      "jasmine-unit": {
        "git": "https://github.com/xolvio/jasmine-unit.git",
        "tag": "v0.1.24",
        "commit": "885dde77a96390d0fd31b03756f837f482db2ef1"
      },
      "velocity-html-reporter": {
        "git": "https://github.com/rdickert/velocity-html-reporter.git",
        "tag": "v0.1.4",
        "commit": "55f973519fb6db831678219057854b94a4cec846"
      },
      "bootstrap-3": {
        "git": "https://github.com/mangasocial/meteor-bootstrap-3.git",
        "tag": "v3.2.0-1",
        "commit": "17a63902fc6cf1096c5289d963c66cf28b474727"
      },
      "bootstrap-flatly": {
        "git": "https://github.com/grokbot/meteor-bootstrap-flatly.git",
        "tag": "v0.0.4",
        "commit": "53dcf5c4aad152e9b88dcc0f8d1dfbb1985200d7"
      },
      "iron-router": {
        "git": "https://github.com/EventedMind/iron-router.git",
        "tag": "v0.7.1",
        "commit": "d1ffb3f06ea4c112132b030f2eb1a70b81675ecb"
      },
      "spin": {
        "git": "https://github.com/SachaG/meteor-spin.git",
        "tag": "v2.0.3",
        "commit": "23c1145472a710d5c93fa4beaca4e576caeb2f24"
      },
      "velocity": {
        "git": "https://github.com/xolvio/velocity.git",
        "tag": "v0.1.17",
        "commit": "19c51cf2f9efb2c4db42b5e700bb9ea6fe32e921"
      },
      "package-stubber": {
        "git": "https://github.com/alanning/meteor-package-stubber.git",
        "tag": "v0.0.15",
        "commit": "62ad08f8486aacbbc5ec22ea6e2a31573748b7d7"
      },
      "blaze-layout": {
        "git": "https://github.com/EventedMind/blaze-layout.git",
        "tag": "v0.2.4",
        "commit": "b40e9b0612329288d75cf52ad14a7da64bb8618f"
      }
    }
  }
}
